
Microsoft Visual Studio Solution File, Format Version 12.00
# Visual Studio Version 17
VisualStudioVersion = 17.11.35222.181
MinimumVisualStudioVersion = 10.0.40219.1
Project("{FAE04EC0-301F-11D3-BF4B-00C04F79EFBC}") = "Lab2_Bai3_Bai4", "Lab2_Bai3_Bai4\Lab2_Bai3_Bai4.csproj", "{50C22A50-D7E9-4898-8FE1-B62BDB2FF30C}"
EndProject
Global
	GlobalSection(SolutionConfigurationPlatforms) = preSolution
		Debug|Any CPU = Debug|Any CPU
		Release|Any CPU = Release|Any CPU
	EndGlobalSection
	GlobalSection(ProjectConfigurationPlatforms) = postSolution
		{50C22A50-D7E9-4898-8FE1-B62BDB2FF30C}.Debug|Any CPU.ActiveCfg = Debug|Any CPU
		{50C22A50-D7E9-4898-8FE1-B62BDB2FF30C}.Debug|Any CPU.Build.0 = Debug|Any CPU
		{50C22A50-D7E9-4898-8FE1-B62BDB2FF30C}.Release|Any CPU.ActiveCfg = Release|Any CPU
		{50C22A50-D7E9-4898-8FE1-B62BDB2FF30C}.Release|Any CPU.Build.0 = Release|Any CPU
	EndGlobalSection
	GlobalSection(SolutionProperties) = preSolution
		HideSolutionNode = FALSE
	EndGlobalSection
	GlobalSection(ExtensibilityGlobals) = postSolution
		SolutionGuid = {B2E067A1-153A-4673-BC26-9962317DF8A2}
	EndGlobalSection
EndGlobal
